
Microsoft Visual Studio Solution File, Format Version 12.00
# Visual Studio Version 17
VisualStudioVersion = 17.14.36203.30 d17.14
MinimumVisualStudioVersion = 10.0.40219.1
Project("{FAE04EC0-301F-11D3-BF4B-00C04F79EFBC}") = "DemoLibrary", "DemoLibrary.csproj", "{B7642D90-7FC4-4385-8BF7-3D5F7DA58B01}"
EndProject
Project("{FAE04EC0-301F-11D3-BF4B-00C04F79EFBC}") = "ConsoleApp1", "..\ConsoleApp1\ConsoleApp1.csproj", "{820A6BBA-460C-49E6-A097-E319C0768724}"
EndProject
Global
	GlobalSection(SolutionConfigurationPlatforms) = preSolution
		Debug|Any CPU = Debug|Any CPU
		Release|Any CPU = Release|Any CPU
	EndGlobalSection
	GlobalSection(ProjectConfigurationPlatforms) = postSolution
		{B7642D90-7FC4-4385-8BF7-3D5F7DA58B01}.Debug|Any CPU.ActiveCfg = Debug|Any CPU
		{B7642D90-7FC4-4385-8BF7-3D5F7DA58B01}.Debug|Any CPU.Build.0 = Debug|Any CPU
		{B7642D90-7FC4-4385-8BF7-3D5F7DA58B01}.Release|Any CPU.ActiveCfg = Release|Any CPU
		{B7642D90-7FC4-4385-8BF7-3D5F7DA58B01}.Release|Any CPU.Build.0 = Release|Any CPU
		{820A6BBA-460C-49E6-A097-E319C0768724}.Debug|Any CPU.ActiveCfg = Debug|Any CPU
		{820A6BBA-460C-49E6-A097-E319C0768724}.Debug|Any CPU.Build.0 = Debug|Any CPU
		{820A6BBA-460C-49E6-A097-E319C0768724}.Release|Any CPU.ActiveCfg = Release|Any CPU
		{820A6BBA-460C-49E6-A097-E319C0768724}.Release|Any CPU.Build.0 = Release|Any CPU
	EndGlobalSection
	GlobalSection(SolutionProperties) = preSolution
		HideSolutionNode = FALSE
	EndGlobalSection
	GlobalSection(ExtensibilityGlobals) = postSolution
		SolutionGuid = {2620F6CA-4506-4D15-9873-A48AF54A16CF}
	EndGlobalSection
EndGlobal
