
Microsoft Visual Studio Solution File, Format Version 12.00
# Visual Studio Version 17
VisualStudioVersion = 17.14.36203.30 d17.14
MinimumVisualStudioVersion = 10.0.40219.1
Project("{FAE04EC0-301F-11D3-BF4B-00C04F79EFBC}") = "LinqMethodSyntax", "LinqMethodSyntax\LinqMethodSyntax.csproj", "{56E60B8D-9AF6-4381-B19D-9D495C2CA363}"
EndProject
Global
	GlobalSection(SolutionConfigurationPlatforms) = preSolution
		Debug|Any CPU = Debug|Any CPU
		Release|Any CPU = Release|Any CPU
	EndGlobalSection
	GlobalSection(ProjectConfigurationPlatforms) = postSolution
		{56E60B8D-9AF6-4381-B19D-9D495C2CA363}.Debug|Any CPU.ActiveCfg = Debug|Any CPU
		{56E60B8D-9AF6-4381-B19D-9D495C2CA363}.Debug|Any CPU.Build.0 = Debug|Any CPU
		{56E60B8D-9AF6-4381-B19D-9D495C2CA363}.Release|Any CPU.ActiveCfg = Release|Any CPU
		{56E60B8D-9AF6-4381-B19D-9D495C2CA363}.Release|Any CPU.Build.0 = Release|Any CPU
	EndGlobalSection
	GlobalSection(SolutionProperties) = preSolution
		HideSolutionNode = FALSE
	EndGlobalSection
	GlobalSection(ExtensibilityGlobals) = postSolution
		SolutionGuid = {8E629B8C-3267-4F16-822E-9C485C160908}
	EndGlobalSection
EndGlobal
