
Microsoft Visual Studio Solution File, Format Version 12.00
# Visual Studio Version 17
VisualStudioVersion = 17.14.36203.30 d17.14
MinimumVisualStudioVersion = 10.0.40219.1
Project("{FAE04EC0-301F-11D3-BF4B-00C04F79EFBC}") = "ConsoleAppWithLibrary", "ConsoleAppWithLibrary.csproj", "{5C5234CC-43B7-45C9-9FC4-881F66B8152E}"
EndProject
Global
	GlobalSection(SolutionConfigurationPlatforms) = preSolution
		Debug|Any CPU = Debug|Any CPU
		Release|Any CPU = Release|Any CPU
	EndGlobalSection
	GlobalSection(ProjectConfigurationPlatforms) = postSolution
		{5C5234CC-43B7-45C9-9FC4-881F66B8152E}.Debug|Any CPU.ActiveCfg = Debug|Any CPU
		{5C5234CC-43B7-45C9-9FC4-881F66B8152E}.Debug|Any CPU.Build.0 = Debug|Any CPU
		{5C5234CC-43B7-45C9-9FC4-881F66B8152E}.Release|Any CPU.ActiveCfg = Release|Any CPU
		{5C5234CC-43B7-45C9-9FC4-881F66B8152E}.Release|Any CPU.Build.0 = Release|Any CPU
	EndGlobalSection
	GlobalSection(SolutionProperties) = preSolution
		HideSolutionNode = FALSE
	EndGlobalSection
	GlobalSection(ExtensibilityGlobals) = postSolution
		SolutionGuid = {FEBFF94A-9B46-4FA9-A764-FF8450B83900}
	EndGlobalSection
EndGlobal
