
Microsoft Visual Studio Solution File, Format Version 12.00
# Visual Studio Version 17
VisualStudioVersion = 17.14.36203.30 d17.14
MinimumVisualStudioVersion = 10.0.40219.1
Project("{FAE04EC0-301F-11D3-BF4B-00C04F79EFBC}") = "ContactList.Models", "ContactList.Models\ContactList.Models.csproj", "{26CECB74-BB2D-4094-8A67-5D3B985A2D8E}"
EndProject
Project("{FAE04EC0-301F-11D3-BF4B-00C04F79EFBC}") = "ContactList.Data", "ContactList.Data\ContactList.Data.csproj", "{656ED198-90D7-46DB-91B3-5091F2BDCF05}"
EndProject
Project("{FAE04EC0-301F-11D3-BF4B-00C04F79EFBC}") = "ContactList.UI", "ContactList.UI\ContactList.UI.csproj", "{94F9E7D8-218D-4DDF-B494-0A2D3E12F42D}"
EndProject
Project("{FAE04EC0-301F-11D3-BF4B-00C04F79EFBC}") = "ContactList.Controller", "ContactList.Controller\ContactList.Controller.csproj", "{C3513729-B0A0-4104-8377-93AD958B412F}"
EndProject
Project("{FAE04EC0-301F-11D3-BF4B-00C04F79EFBC}") = "ContactList", "ContactList\ContactList.csproj", "{B05AD199-DFAA-4806-815B-1F5729D4AC7C}"
EndProject
Global
	GlobalSection(SolutionConfigurationPlatforms) = preSolution
		Debug|Any CPU = Debug|Any CPU
		Release|Any CPU = Release|Any CPU
	EndGlobalSection
	GlobalSection(ProjectConfigurationPlatforms) = postSolution
		{26CECB74-BB2D-4094-8A67-5D3B985A2D8E}.Debug|Any CPU.ActiveCfg = Debug|Any CPU
		{26CECB74-BB2D-4094-8A67-5D3B985A2D8E}.Debug|Any CPU.Build.0 = Debug|Any CPU
		{26CECB74-BB2D-4094-8A67-5D3B985A2D8E}.Release|Any CPU.ActiveCfg = Release|Any CPU
		{26CECB74-BB2D-4094-8A67-5D3B985A2D8E}.Release|Any CPU.Build.0 = Release|Any CPU
		{656ED198-90D7-46DB-91B3-5091F2BDCF05}.Debug|Any CPU.ActiveCfg = Debug|Any CPU
		{656ED198-90D7-46DB-91B3-5091F2BDCF05}.Debug|Any CPU.Build.0 = Debug|Any CPU
		{656ED198-90D7-46DB-91B3-5091F2BDCF05}.Release|Any CPU.ActiveCfg = Release|Any CPU
		{656ED198-90D7-46DB-91B3-5091F2BDCF05}.Release|Any CPU.Build.0 = Release|Any CPU
		{94F9E7D8-218D-4DDF-B494-0A2D3E12F42D}.Debug|Any CPU.ActiveCfg = Debug|Any CPU
		{94F9E7D8-218D-4DDF-B494-0A2D3E12F42D}.Debug|Any CPU.Build.0 = Debug|Any CPU
		{94F9E7D8-218D-4DDF-B494-0A2D3E12F42D}.Release|Any CPU.ActiveCfg = Release|Any CPU
		{94F9E7D8-218D-4DDF-B494-0A2D3E12F42D}.Release|Any CPU.Build.0 = Release|Any CPU
		{C3513729-B0A0-4104-8377-93AD958B412F}.Debug|Any CPU.ActiveCfg = Debug|Any CPU
		{C3513729-B0A0-4104-8377-93AD958B412F}.Debug|Any CPU.Build.0 = Debug|Any CPU
		{C3513729-B0A0-4104-8377-93AD958B412F}.Release|Any CPU.ActiveCfg = Release|Any CPU
		{C3513729-B0A0-4104-8377-93AD958B412F}.Release|Any CPU.Build.0 = Release|Any CPU
		{B05AD199-DFAA-4806-815B-1F5729D4AC7C}.Debug|Any CPU.ActiveCfg = Debug|Any CPU
		{B05AD199-DFAA-4806-815B-1F5729D4AC7C}.Debug|Any CPU.Build.0 = Debug|Any CPU
		{B05AD199-DFAA-4806-815B-1F5729D4AC7C}.Release|Any CPU.ActiveCfg = Release|Any CPU
		{B05AD199-DFAA-4806-815B-1F5729D4AC7C}.Release|Any CPU.Build.0 = Release|Any CPU
	EndGlobalSection
	GlobalSection(SolutionProperties) = preSolution
		HideSolutionNode = FALSE
	EndGlobalSection
	GlobalSection(ExtensibilityGlobals) = postSolution
		SolutionGuid = {5B4B8C15-2D4F-46D6-AAD9-58EA7E966EE2}
	EndGlobalSection
EndGlobal
